// !$*UTF8*$!
{
	archiveVersion = 1;
	classes = {
	};
	objectVersion = 46;
	objects = {

/* Begin PBXBuildFile section */
		AF05F7771A13DC790079AEA3 /* GoogleOpenSource.framework in Frameworks */ = {isa = PBXBuildFile; fileRef = AF05F7751A13DC790079AEA3 /* GoogleOpenSource.framework */; };
		AF05F7781A13DC790079AEA3 /* GooglePlus.framework in Frameworks */ = {isa = PBXBuildFile; fileRef = AF05F7761A13DC790079AEA3 /* GooglePlus.framework */; };
		AF05F77A1A13E6750079AEA3 /* AddressBook.framework in Frameworks */ = {isa = PBXBuildFile; fileRef = AF05F7791A13E6750079AEA3 /* AddressBook.framework */; };
		AF05F77C1A13E6810079AEA3 /* AssetsLibrary.framework in Frameworks */ = {isa = PBXBuildFile; fileRef = AF05F77B1A13E6810079AEA3 /* AssetsLibrary.framework */; };
		AF05F77E1A13E6930079AEA3 /* CoreLocation.framework in Frameworks */ = {isa = PBXBuildFile; fileRef = AF05F77D1A13E6930079AEA3 /* CoreLocation.framework */; };
		AF05F7801A13E69E0079AEA3 /* CoreMotion.framework in Frameworks */ = {isa = PBXBuildFile; fileRef = AF05F77F1A13E69E0079AEA3 /* CoreMotion.framework */; };
		AF05F7821A13E6AE0079AEA3 /* CoreText.framework in Frameworks */ = {isa = PBXBuildFile; fileRef = AF05F7811A13E6AE0079AEA3 /* CoreText.framework */; };
		AF05F7841A13E6BD0079AEA3 /* MediaPlayer.framework in Frameworks */ = {isa = PBXBuildFile; fileRef = AF05F7831A13E6BD0079AEA3 /* MediaPlayer.framework */; };
		AF05F7861A13E6C70079AEA3 /* Security.framework in Frameworks */ = {isa = PBXBuildFile; fileRef = AF05F7851A13E6C70079AEA3 /* Security.framework */; };
		AF05F7881A13E6CD0079AEA3 /* SystemConfiguration.framework in Frameworks */ = {isa = PBXBuildFile; fileRef = AF05F7871A13E6CD0079AEA3 /* SystemConfiguration.framework */; };
		AF92046C1A65620F00D8E237 /* Reminder_Sound.m in Sources */ = {isa = PBXBuildFile; fileRef = AF92046B1A65620F00D8E237 /* Reminder_Sound.m */; };
		AF92046F1A65620F00D8E237 /* User_Google.m in Sources */ = {isa = PBXBuildFile; fileRef = AF92046E1A65620F00D8E237 /* User_Google.m */; };
		AF9204721A65621000D8E237 /* Reminder.m in Sources */ = {isa = PBXBuildFile; fileRef = AF9204711A65621000D8E237 /* Reminder.m */; };
		AF9204751A65621000D8E237 /* User.m in Sources */ = {isa = PBXBuildFile; fileRef = AF9204741A65621000D8E237 /* User.m */; };
		AF9204781A65621000D8E237 /* Medicine.m in Sources */ = {isa = PBXBuildFile; fileRef = AF9204771A65621000D8E237 /* Medicine.m */; };
		AF92047B1A65621000D8E237 /* User_Facebook.m in Sources */ = {isa = PBXBuildFile; fileRef = AF92047A1A65621000D8E237 /* User_Facebook.m */; };
		AF937C8A1A3B5A1E00610583 /* Model.xcdatamodeld in Sources */ = {isa = PBXBuildFile; fileRef = AF937C881A3B5A1E00610583 /* Model.xcdatamodeld */; };
		B3115C461A408AA600B7002D /* User_Facebook+Create.m in Sources */ = {isa = PBXBuildFile; fileRef = B3115C451A408AA600B7002D /* User_Facebook+Create.m */; };
		B3115C491A408AC500B7002D /* User_Google+create.m in Sources */ = {isa = PBXBuildFile; fileRef = B3115C481A408AC500B7002D /* User_Google+create.m */; };
		B3115C4C1A408ADF00B7002D /* User+create.m in Sources */ = {isa = PBXBuildFile; fileRef = B3115C4B1A408ADF00B7002D /* User+create.m */; };
		B31285F11A71342000263364 /* Reminder+create.m in Sources */ = {isa = PBXBuildFile; fileRef = B31285F01A71342000263364 /* Reminder+create.m */; };
		B31285F61A71384200263364 /* Reminder_Schedule+create.m in Sources */ = {isa = PBXBuildFile; fileRef = B31285F51A71384200263364 /* Reminder_Schedule+create.m */; };
		B31BCB651A18D17600094C45 /* SPViewController.m in Sources */ = {isa = PBXBuildFile; fileRef = B31BCB641A18D17600094C45 /* SPViewController.m */; };
		B31BCB681A18D18C00094C45 /* SPScheduleViewController.m in Sources */ = {isa = PBXBuildFile; fileRef = B31BCB671A18D18C00094C45 /* SPScheduleViewController.m */; };
		B32BCE071A23B66B0003F97A /* SPUser.m in Sources */ = {isa = PBXBuildFile; fileRef = B32BCE061A23B66B0003F97A /* SPUser.m */; };
		B32D416B1A39FD6D009B0998 /* FacebookSDK.framework in Frameworks */ = {isa = PBXBuildFile; fileRef = B32D416A1A39FD6D009B0998 /* FacebookSDK.framework */; };
		B3336AAA1A6D8CFD00C51F6D /* SPReminderViewController.m in Sources */ = {isa = PBXBuildFile; fileRef = B3336AA91A6D8CFD00C51F6D /* SPReminderViewController.m */; };
		B33F57291A436B7200394227 /* SPMedicineDetailsViewController.m in Sources */ = {isa = PBXBuildFile; fileRef = B33F57281A436B7200394227 /* SPMedicineDetailsViewController.m */; };
		B33F572C1A438C5A00394227 /* SPNewMedicineViewController.m in Sources */ = {isa = PBXBuildFile; fileRef = B33F572B1A438C5A00394227 /* SPNewMedicineViewController.m */; };
		B33F572F1A43934900394227 /* Medicine+create.m in Sources */ = {isa = PBXBuildFile; fileRef = B33F572E1A43934900394227 /* Medicine+create.m */; };
		B34080791A1E8E3D00C63D49 /* MyStyleKit.m in Sources */ = {isa = PBXBuildFile; fileRef = B34080781A1E8E3D00C63D49 /* MyStyleKit.m */; };
		B365399B1A29F24800E4404A /* SPTabBarViewController.m in Sources */ = {isa = PBXBuildFile; fileRef = B365399A1A29F24800E4404A /* SPTabBarViewController.m */; };
		B382364D1A2DF59D00FA7538 /* SPMoreViewController.m in Sources */ = {isa = PBXBuildFile; fileRef = B382364C1A2DF59D00FA7538 /* SPMoreViewController.m */; };
		B3960F191A23D583006888ED /* SPUserHandler.m in Sources */ = {isa = PBXBuildFile; fileRef = B3960F181A23D583006888ED /* SPUserHandler.m */; };
		B3C107F01A24B2F1003BF659 /* SPNewUserViewController.m in Sources */ = {isa = PBXBuildFile; fileRef = B3C107EF1A24B2F1003BF659 /* SPNewUserViewController.m */; };
		B3C107F71A24C4A5003BF659 /* mainStoryboard.storyboard in Resources */ = {isa = PBXBuildFile; fileRef = B3C107F91A24C4A5003BF659 /* mainStoryboard.storyboard */; };
		B3CC13FE1A276365001D6C10 /* SPProfileViewController.m in Sources */ = {isa = PBXBuildFile; fileRef = B3CC13FD1A276365001D6C10 /* SPProfileViewController.m */; };
		B3D4A0DF1A41FCFB001A90F4 /* SPBoxViewController.m in Sources */ = {isa = PBXBuildFile; fileRef = B3D4A0DE1A41FCFB001A90F4 /* SPBoxViewController.m */; };
		B3D5705C1A69AECD006EB1CE /* Reminder_Schedule.m in Sources */ = {isa = PBXBuildFile; fileRef = B3D5705B1A69AECD006EB1CE /* Reminder_Schedule.m */; };
		B3D647DA1A12408600461CAF /* Foundation.framework in Frameworks */ = {isa = PBXBuildFile; fileRef = B3D647D91A12408600461CAF /* Foundation.framework */; };
		B3D647DC1A12408600461CAF /* CoreGraphics.framework in Frameworks */ = {isa = PBXBuildFile; fileRef = B3D647DB1A12408600461CAF /* CoreGraphics.framework */; };
		B3D647DE1A12408600461CAF /* UIKit.framework in Frameworks */ = {isa = PBXBuildFile; fileRef = B3D647DD1A12408600461CAF /* UIKit.framework */; };
		B3D647E41A12408600461CAF /* InfoPlist.strings in Resources */ = {isa = PBXBuildFile; fileRef = B3D647E21A12408600461CAF /* InfoPlist.strings */; };
		B3D647E61A12408600461CAF /* main.m in Sources */ = {isa = PBXBuildFile; fileRef = B3D647E51A12408600461CAF /* main.m */; };
		B3D647EA1A12408600461CAF /* SPAppDelegate.m in Sources */ = {isa = PBXBuildFile; fileRef = B3D647E91A12408600461CAF /* SPAppDelegate.m */; };
		B3D647F21A12408600461CAF /* Images.xcassets in Resources */ = {isa = PBXBuildFile; fileRef = B3D647F11A12408600461CAF /* Images.xcassets */; };
		B3D647F91A12408600461CAF /* XCTest.framework in Frameworks */ = {isa = PBXBuildFile; fileRef = B3D647F81A12408600461CAF /* XCTest.framework */; };
		B3D647FA1A12408600461CAF /* Foundation.framework in Frameworks */ = {isa = PBXBuildFile; fileRef = B3D647D91A12408600461CAF /* Foundation.framework */; };
		B3D647FB1A12408600461CAF /* UIKit.framework in Frameworks */ = {isa = PBXBuildFile; fileRef = B3D647DD1A12408600461CAF /* UIKit.framework */; };
		B3D648031A12408600461CAF /* InfoPlist.strings in Resources */ = {isa = PBXBuildFile; fileRef = B3D648011A12408600461CAF /* InfoPlist.strings */; };
		B3D648051A12408600461CAF /* SmartPillTests.m in Sources */ = {isa = PBXBuildFile; fileRef = B3D648041A12408600461CAF /* SmartPillTests.m */; };
		B3DE0A771A1B6E5700ABBB5F /* SPLoginLines.m in Sources */ = {isa = PBXBuildFile; fileRef = B3DE0A761A1B6E5700ABBB5F /* SPLoginLines.m */; };
/* End PBXBuildFile section */

/* Begin PBXContainerItemProxy section */
		B3D647FC1A12408600461CAF /* PBXContainerItemProxy */ = {
			isa = PBXContainerItemProxy;
			containerPortal = B3D647CE1A12408600461CAF /* Project object */;
			proxyType = 1;
			remoteGlobalIDString = B3D647D51A12408600461CAF;
			remoteInfo = SmartPill;
		};
/* End PBXContainerItemProxy section */

/* Begin PBXFileReference section */
		AF05F7751A13DC790079AEA3 /* GoogleOpenSource.framework */ = {isa = PBXFileReference; lastKnownFileType = wrapper.framework; path = GoogleOpenSource.framework; sourceTree = "<group>"; };
		AF05F7761A13DC790079AEA3 /* GooglePlus.framework */ = {isa = PBXFileReference; lastKnownFileType = wrapper.framework; path = GooglePlus.framework; sourceTree = "<group>"; };
		AF05F7791A13E6750079AEA3 /* AddressBook.framework */ = {isa = PBXFileReference; lastKnownFileType = wrapper.framework; name = AddressBook.framework; path = System/Library/Frameworks/AddressBook.framework; sourceTree = SDKROOT; };
		AF05F77B1A13E6810079AEA3 /* AssetsLibrary.framework */ = {isa = PBXFileReference; lastKnownFileType = wrapper.framework; name = AssetsLibrary.framework; path = System/Library/Frameworks/AssetsLibrary.framework; sourceTree = SDKROOT; };
		AF05F77D1A13E6930079AEA3 /* CoreLocation.framework */ = {isa = PBXFileReference; lastKnownFileType = wrapper.framework; name = CoreLocation.framework; path = System/Library/Frameworks/CoreLocation.framework; sourceTree = SDKROOT; };
		AF05F77F1A13E69E0079AEA3 /* CoreMotion.framework */ = {isa = PBXFileReference; lastKnownFileType = wrapper.framework; name = CoreMotion.framework; path = System/Library/Frameworks/CoreMotion.framework; sourceTree = SDKROOT; };
		AF05F7811A13E6AE0079AEA3 /* CoreText.framework */ = {isa = PBXFileReference; lastKnownFileType = wrapper.framework; name = CoreText.framework; path = System/Library/Frameworks/CoreText.framework; sourceTree = SDKROOT; };
		AF05F7831A13E6BD0079AEA3 /* MediaPlayer.framework */ = {isa = PBXFileReference; lastKnownFileType = wrapper.framework; name = MediaPlayer.framework; path = System/Library/Frameworks/MediaPlayer.framework; sourceTree = SDKROOT; };
		AF05F7851A13E6C70079AEA3 /* Security.framework */ = {isa = PBXFileReference; lastKnownFileType = wrapper.framework; name = Security.framework; path = System/Library/Frameworks/Security.framework; sourceTree = SDKROOT; };
		AF05F7871A13E6CD0079AEA3 /* SystemConfiguration.framework */ = {isa = PBXFileReference; lastKnownFileType = wrapper.framework; name = SystemConfiguration.framework; path = System/Library/Frameworks/SystemConfiguration.framework; sourceTree = SDKROOT; };
		AF92046A1A65620F00D8E237 /* Reminder_Sound.h */ = {isa = PBXFileReference; fileEncoding = 4; lastKnownFileType = sourcecode.c.h; name = Reminder_Sound.h; path = Model/CoreDataModels/Reminder_Sound.h; sourceTree = "<group>"; };
		AF92046B1A65620F00D8E237 /* Reminder_Sound.m */ = {isa = PBXFileReference; fileEncoding = 4; lastKnownFileType = sourcecode.c.objc; name = Reminder_Sound.m; path = Model/CoreDataModels/Reminder_Sound.m; sourceTree = "<group>"; };
		AF92046D1A65620F00D8E237 /* User_Google.h */ = {isa = PBXFileReference; fileEncoding = 4; lastKnownFileType = sourcecode.c.h; name = User_Google.h; path = Model/CoreDataModels/User_Google.h; sourceTree = "<group>"; };
		AF92046E1A65620F00D8E237 /* User_Google.m */ = {isa = PBXFileReference; fileEncoding = 4; lastKnownFileType = sourcecode.c.objc; name = User_Google.m; path = Model/CoreDataModels/User_Google.m; sourceTree = "<group>"; };
		AF9204701A65621000D8E237 /* Reminder.h */ = {isa = PBXFileReference; fileEncoding = 4; lastKnownFileType = sourcecode.c.h; name = Reminder.h; path = Model/CoreDataModels/Reminder.h; sourceTree = "<group>"; };
		AF9204711A65621000D8E237 /* Reminder.m */ = {isa = PBXFileReference; fileEncoding = 4; lastKnownFileType = sourcecode.c.objc; name = Reminder.m; path = Model/CoreDataModels/Reminder.m; sourceTree = "<group>"; };
		AF9204731A65621000D8E237 /* User.h */ = {isa = PBXFileReference; fileEncoding = 4; lastKnownFileType = sourcecode.c.h; name = User.h; path = Model/CoreDataModels/User.h; sourceTree = "<group>"; };
		AF9204741A65621000D8E237 /* User.m */ = {isa = PBXFileReference; fileEncoding = 4; lastKnownFileType = sourcecode.c.objc; name = User.m; path = Model/CoreDataModels/User.m; sourceTree = "<group>"; };
		AF9204761A65621000D8E237 /* Medicine.h */ = {isa = PBXFileReference; fileEncoding = 4; lastKnownFileType = sourcecode.c.h; name = Medicine.h; path = Model/CoreDataModels/Medicine.h; sourceTree = "<group>"; };
		AF9204771A65621000D8E237 /* Medicine.m */ = {isa = PBXFileReference; fileEncoding = 4; lastKnownFileType = sourcecode.c.objc; name = Medicine.m; path = Model/CoreDataModels/Medicine.m; sourceTree = "<group>"; };
		AF9204791A65621000D8E237 /* User_Facebook.h */ = {isa = PBXFileReference; fileEncoding = 4; lastKnownFileType = sourcecode.c.h; name = User_Facebook.h; path = Model/CoreDataModels/User_Facebook.h; sourceTree = "<group>"; };
		AF92047A1A65621000D8E237 /* User_Facebook.m */ = {isa = PBXFileReference; fileEncoding = 4; lastKnownFileType = sourcecode.c.objc; name = User_Facebook.m; path = Model/CoreDataModels/User_Facebook.m; sourceTree = "<group>"; };
		AF937C891A3B5A1E00610583 /* Model.xcdatamodel */ = {isa = PBXFileReference; lastKnownFileType = wrapper.xcdatamodel; path = Model.xcdatamodel; sourceTree = "<group>"; };
		B3115C441A408AA600B7002D /* User_Facebook+Create.h */ = {isa = PBXFileReference; fileEncoding = 4; lastKnownFileType = sourcecode.c.h; name = "User_Facebook+Create.h"; path = "Model/CoreDataModels/Categories/User_Facebook+Create.h"; sourceTree = "<group>"; };
		B3115C451A408AA600B7002D /* User_Facebook+Create.m */ = {isa = PBXFileReference; fileEncoding = 4; lastKnownFileType = sourcecode.c.objc; name = "User_Facebook+Create.m"; path = "Model/CoreDataModels/Categories/User_Facebook+Create.m"; sourceTree = "<group>"; };
		B3115C471A408AC500B7002D /* User_Google+create.h */ = {isa = PBXFileReference; fileEncoding = 4; lastKnownFileType = sourcecode.c.h; name = "User_Google+create.h"; path = "Model/CoreDataModels/Categories/User_Google+create.h"; sourceTree = "<group>"; };
		B3115C481A408AC500B7002D /* User_Google+create.m */ = {isa = PBXFileReference; fileEncoding = 4; lastKnownFileType = sourcecode.c.objc; name = "User_Google+create.m"; path = "Model/CoreDataModels/Categories/User_Google+create.m"; sourceTree = "<group>"; };
		B3115C4A1A408ADF00B7002D /* User+create.h */ = {isa = PBXFileReference; fileEncoding = 4; lastKnownFileType = sourcecode.c.h; name = "User+create.h"; path = "Model/CoreDataModels/Categories/User+create.h"; sourceTree = "<group>"; };
		B3115C4B1A408ADF00B7002D /* User+create.m */ = {isa = PBXFileReference; fileEncoding = 4; lastKnownFileType = sourcecode.c.objc; name = "User+create.m"; path = "Model/CoreDataModels/Categories/User+create.m"; sourceTree = "<group>"; };
		B31285EF1A71342000263364 /* Reminder+create.h */ = {isa = PBXFileReference; fileEncoding = 4; lastKnownFileType = sourcecode.c.h; name = "Reminder+create.h"; path = "Model/CoreDataModels/Categories/Reminder+create.h"; sourceTree = "<group>"; };
		B31285F01A71342000263364 /* Reminder+create.m */ = {isa = PBXFileReference; fileEncoding = 4; lastKnownFileType = sourcecode.c.objc; name = "Reminder+create.m"; path = "Model/CoreDataModels/Categories/Reminder+create.m"; sourceTree = "<group>"; };
		B31285F41A71384200263364 /* Reminder_Schedule+create.h */ = {isa = PBXFileReference; fileEncoding = 4; lastKnownFileType = sourcecode.c.h; name = "Reminder_Schedule+create.h"; path = "Model/CoreDataModels/Categories/Reminder_Schedule+create.h"; sourceTree = "<group>"; };
		B31285F51A71384200263364 /* Reminder_Schedule+create.m */ = {isa = PBXFileReference; fileEncoding = 4; lastKnownFileType = sourcecode.c.objc; name = "Reminder_Schedule+create.m"; path = "Model/CoreDataModels/Categories/Reminder_Schedule+create.m"; sourceTree = "<group>"; };
		B31BCB631A18D17600094C45 /* SPViewController.h */ = {isa = PBXFileReference; fileEncoding = 4; lastKnownFileType = sourcecode.c.h; name = SPViewController.h; path = Controller/SPViewController.h; sourceTree = "<group>"; };
		B31BCB641A18D17600094C45 /* SPViewController.m */ = {isa = PBXFileReference; fileEncoding = 4; lastKnownFileType = sourcecode.c.objc; name = SPViewController.m; path = Controller/SPViewController.m; sourceTree = "<group>"; };
		B31BCB661A18D18C00094C45 /* SPScheduleViewController.h */ = {isa = PBXFileReference; fileEncoding = 4; lastKnownFileType = sourcecode.c.h; name = SPScheduleViewController.h; path = Controller/SPScheduleViewController.h; sourceTree = "<group>"; };
		B31BCB671A18D18C00094C45 /* SPScheduleViewController.m */ = {isa = PBXFileReference; fileEncoding = 4; lastKnownFileType = sourcecode.c.objc; name = SPScheduleViewController.m; path = Controller/SPScheduleViewController.m; sourceTree = "<group>"; };
		B32BCE051A23B66B0003F97A /* SPUser.h */ = {isa = PBXFileReference; fileEncoding = 4; lastKnownFileType = sourcecode.c.h; name = SPUser.h; path = Model/SPUser.h; sourceTree = "<group>"; };
		B32BCE061A23B66B0003F97A /* SPUser.m */ = {isa = PBXFileReference; fileEncoding = 4; lastKnownFileType = sourcecode.c.objc; name = SPUser.m; path = Model/SPUser.m; sourceTree = "<group>"; };
		B32D416A1A39FD6D009B0998 /* FacebookSDK.framework */ = {isa = PBXFileReference; lastKnownFileType = wrapper.framework; name = FacebookSDK.framework; path = ../../Documents/FacebookSDK/FacebookSDK.framework; sourceTree = "<group>"; };
		B3336AA81A6D8CFD00C51F6D /* SPReminderViewController.h */ = {isa = PBXFileReference; fileEncoding = 4; lastKnownFileType = sourcecode.c.h; name = SPReminderViewController.h; path = Controller/SPReminderViewController.h; sourceTree = "<group>"; };
		B3336AA91A6D8CFD00C51F6D /* SPReminderViewController.m */ = {isa = PBXFileReference; fileEncoding = 4; lastKnownFileType = sourcecode.c.objc; name = SPReminderViewController.m; path = Controller/SPReminderViewController.m; sourceTree = "<group>"; };
		B33F57271A436B7200394227 /* SPMedicineDetailsViewController.h */ = {isa = PBXFileReference; fileEncoding = 4; lastKnownFileType = sourcecode.c.h; name = SPMedicineDetailsViewController.h; path = Controller/SPMedicineDetailsViewController.h; sourceTree = "<group>"; };
		B33F57281A436B7200394227 /* SPMedicineDetailsViewController.m */ = {isa = PBXFileReference; fileEncoding = 4; lastKnownFileType = sourcecode.c.objc; name = SPMedicineDetailsViewController.m; path = Controller/SPMedicineDetailsViewController.m; sourceTree = "<group>"; };
		B33F572A1A438C5A00394227 /* SPNewMedicineViewController.h */ = {isa = PBXFileReference; fileEncoding = 4; lastKnownFileType = sourcecode.c.h; name = SPNewMedicineViewController.h; path = Controller/SPNewMedicineViewController.h; sourceTree = "<group>"; };
		B33F572B1A438C5A00394227 /* SPNewMedicineViewController.m */ = {isa = PBXFileReference; fileEncoding = 4; lastKnownFileType = sourcecode.c.objc; name = SPNewMedicineViewController.m; path = Controller/SPNewMedicineViewController.m; sourceTree = "<group>"; };
		B33F572D1A43934900394227 /* Medicine+create.h */ = {isa = PBXFileReference; fileEncoding = 4; lastKnownFileType = sourcecode.c.h; name = "Medicine+create.h"; path = "Model/CoreDataModels/Categories/Medicine+create.h"; sourceTree = "<group>"; };
		B33F572E1A43934900394227 /* Medicine+create.m */ = {isa = PBXFileReference; fileEncoding = 4; lastKnownFileType = sourcecode.c.objc; name = "Medicine+create.m"; path = "Model/CoreDataModels/Categories/Medicine+create.m"; sourceTree = "<group>"; };
		B34080771A1E8E3D00C63D49 /* MyStyleKit.h */ = {isa = PBXFileReference; fileEncoding = 4; lastKnownFileType = sourcecode.c.h; name = MyStyleKit.h; path = "PaintCode App/MyStyleKit.h"; sourceTree = "<group>"; };
		B34080781A1E8E3D00C63D49 /* MyStyleKit.m */ = {isa = PBXFileReference; fileEncoding = 4; lastKnownFileType = sourcecode.c.objc; name = MyStyleKit.m; path = "PaintCode App/MyStyleKit.m"; sourceTree = "<group>"; };
		B36539991A29F24800E4404A /* SPTabBarViewController.h */ = {isa = PBXFileReference; fileEncoding = 4; lastKnownFileType = sourcecode.c.h; name = SPTabBarViewController.h; path = Controller/SPTabBarViewController.h; sourceTree = "<group>"; };
		B365399A1A29F24800E4404A /* SPTabBarViewController.m */ = {isa = PBXFileReference; fileEncoding = 4; lastKnownFileType = sourcecode.c.objc; name = SPTabBarViewController.m; path = Controller/SPTabBarViewController.m; sourceTree = "<group>"; };
		B382364B1A2DF59D00FA7538 /* SPMoreViewController.h */ = {isa = PBXFileReference; fileEncoding = 4; lastKnownFileType = sourcecode.c.h; name = SPMoreViewController.h; path = Controller/SPMoreViewController.h; sourceTree = "<group>"; };
		B382364C1A2DF59D00FA7538 /* SPMoreViewController.m */ = {isa = PBXFileReference; fileEncoding = 4; lastKnownFileType = sourcecode.c.objc; name = SPMoreViewController.m; path = Controller/SPMoreViewController.m; sourceTree = "<group>"; };
		B3960F171A23D583006888ED /* SPUserHandler.h */ = {isa = PBXFileReference; fileEncoding = 4; lastKnownFileType = sourcecode.c.h; name = SPUserHandler.h; path = Model/SPUserHandler.h; sourceTree = "<group>"; };
		B3960F181A23D583006888ED /* SPUserHandler.m */ = {isa = PBXFileReference; fileEncoding = 4; lastKnownFileType = sourcecode.c.objc; name = SPUserHandler.m; path = Model/SPUserHandler.m; sourceTree = "<group>"; };
		B3C107EE1A24B2F1003BF659 /* SPNewUserViewController.h */ = {isa = PBXFileReference; fileEncoding = 4; lastKnownFileType = sourcecode.c.h; name = SPNewUserViewController.h; path = Controller/SPNewUserViewController.h; sourceTree = "<group>"; };
		B3C107EF1A24B2F1003BF659 /* SPNewUserViewController.m */ = {isa = PBXFileReference; fileEncoding = 4; lastKnownFileType = sourcecode.c.objc; name = SPNewUserViewController.m; path = Controller/SPNewUserViewController.m; sourceTree = "<group>"; };
		B3C107F81A24C4A5003BF659 /* en */ = {isa = PBXFileReference; lastKnownFileType = file.storyboard; name = en; path = en.lproj/mainStoryboard.storyboard; sourceTree = "<group>"; };
		B3CC13FC1A276365001D6C10 /* SPProfileViewController.h */ = {isa = PBXFileReference; fileEncoding = 4; lastKnownFileType = sourcecode.c.h; name = SPProfileViewController.h; path = Controller/SPProfileViewController.h; sourceTree = "<group>"; };
		B3CC13FD1A276365001D6C10 /* SPProfileViewController.m */ = {isa = PBXFileReference; fileEncoding = 4; lastKnownFileType = sourcecode.c.objc; name = SPProfileViewController.m; path = Controller/SPProfileViewController.m; sourceTree = "<group>"; };
		B3D4A0DD1A41FCFB001A90F4 /* SPBoxViewController.h */ = {isa = PBXFileReference; fileEncoding = 4; lastKnownFileType = sourcecode.c.h; name = SPBoxViewController.h; path = Controller/SPBoxViewController.h; sourceTree = "<group>"; };
		B3D4A0DE1A41FCFB001A90F4 /* SPBoxViewController.m */ = {isa = PBXFileReference; fileEncoding = 4; lastKnownFileType = sourcecode.c.objc; name = SPBoxViewController.m; path = Controller/SPBoxViewController.m; sourceTree = "<group>"; };
		B3D5705A1A69AECD006EB1CE /* Reminder_Schedule.h */ = {isa = PBXFileReference; fileEncoding = 4; lastKnownFileType = sourcecode.c.h; name = Reminder_Schedule.h; path = Model/CoreDataModels/Reminder_Schedule.h; sourceTree = "<group>"; };
		B3D5705B1A69AECD006EB1CE /* Reminder_Schedule.m */ = {isa = PBXFileReference; fileEncoding = 4; lastKnownFileType = sourcecode.c.objc; name = Reminder_Schedule.m; path = Model/CoreDataModels/Reminder_Schedule.m; sourceTree = "<group>"; };
		B3D647D61A12408600461CAF /* SmartPill.app */ = {isa = PBXFileReference; explicitFileType = wrapper.application; includeInIndex = 0; path = SmartPill.app; sourceTree = BUILT_PRODUCTS_DIR; };
		B3D647D91A12408600461CAF /* Foundation.framework */ = {isa = PBXFileReference; lastKnownFileType = wrapper.framework; name = Foundation.framework; path = System/Library/Frameworks/Foundation.framework; sourceTree = SDKROOT; };
		B3D647DB1A12408600461CAF /* CoreGraphics.framework */ = {isa = PBXFileReference; lastKnownFileType = wrapper.framework; name = CoreGraphics.framework; path = System/Library/Frameworks/CoreGraphics.framework; sourceTree = SDKROOT; };
		B3D647DD1A12408600461CAF /* UIKit.framework */ = {isa = PBXFileReference; lastKnownFileType = wrapper.framework; name = UIKit.framework; path = System/Library/Frameworks/UIKit.framework; sourceTree = SDKROOT; };
		B3D647E11A12408600461CAF /* SmartPill-Info.plist */ = {isa = PBXFileReference; lastKnownFileType = text.plist.xml; path = "SmartPill-Info.plist"; sourceTree = "<group>"; };
		B3D647E31A12408600461CAF /* en */ = {isa = PBXFileReference; lastKnownFileType = text.plist.strings; name = en; path = en.lproj/InfoPlist.strings; sourceTree = "<group>"; };
		B3D647E51A12408600461CAF /* main.m */ = {isa = PBXFileReference; lastKnownFileType = sourcecode.c.objc; path = main.m; sourceTree = "<group>"; };
		B3D647E71A12408600461CAF /* SmartPill-Prefix.pch */ = {isa = PBXFileReference; lastKnownFileType = sourcecode.c.h; path = "SmartPill-Prefix.pch"; sourceTree = "<group>"; };
		B3D647E81A12408600461CAF /* SPAppDelegate.h */ = {isa = PBXFileReference; lastKnownFileType = sourcecode.c.h; path = SPAppDelegate.h; sourceTree = "<group>"; };
		B3D647E91A12408600461CAF /* SPAppDelegate.m */ = {isa = PBXFileReference; lastKnownFileType = sourcecode.c.objc; path = SPAppDelegate.m; sourceTree = "<group>"; };
		B3D647F11A12408600461CAF /* Images.xcassets */ = {isa = PBXFileReference; lastKnownFileType = folder.assetcatalog; path = Images.xcassets; sourceTree = "<group>"; };
		B3D647F71A12408600461CAF /* SmartPillTests.xctest */ = {isa = PBXFileReference; explicitFileType = wrapper.cfbundle; includeInIndex = 0; path = SmartPillTests.xctest; sourceTree = BUILT_PRODUCTS_DIR; };
		B3D647F81A12408600461CAF /* XCTest.framework */ = {isa = PBXFileReference; lastKnownFileType = wrapper.framework; name = XCTest.framework; path = Library/Frameworks/XCTest.framework; sourceTree = DEVELOPER_DIR; };
		B3D648001A12408600461CAF /* SmartPillTests-Info.plist */ = {isa = PBXFileReference; lastKnownFileType = text.plist.xml; path = "SmartPillTests-Info.plist"; sourceTree = "<group>"; };
		B3D648021A12408600461CAF /* en */ = {isa = PBXFileReference; lastKnownFileType = text.plist.strings; name = en; path = en.lproj/InfoPlist.strings; sourceTree = "<group>"; };
		B3D648041A12408600461CAF /* SmartPillTests.m */ = {isa = PBXFileReference; lastKnownFileType = sourcecode.c.objc; path = SmartPillTests.m; sourceTree = "<group>"; };
		B3DE0A751A1B6E5700ABBB5F /* SPLoginLines.h */ = {isa = PBXFileReference; fileEncoding = 4; lastKnownFileType = sourcecode.c.h; name = SPLoginLines.h; path = View/SPLoginLines.h; sourceTree = "<group>"; };
		B3DE0A761A1B6E5700ABBB5F /* SPLoginLines.m */ = {isa = PBXFileReference; fileEncoding = 4; lastKnownFileType = sourcecode.c.objc; name = SPLoginLines.m; path = View/SPLoginLines.m; sourceTree = "<group>"; };
/* End PBXFileReference section */

/* Begin PBXFrameworksBuildPhase section */
		B3D647D31A12408600461CAF /* Frameworks */ = {
			isa = PBXFrameworksBuildPhase;
			buildActionMask = 2147483647;
			files = (
				B3D647DE1A12408600461CAF /* UIKit.framework in Frameworks */,
				AF05F7881A13E6CD0079AEA3 /* SystemConfiguration.framework in Frameworks */,
				AF05F7861A13E6C70079AEA3 /* Security.framework in Frameworks */,
				AF05F7841A13E6BD0079AEA3 /* MediaPlayer.framework in Frameworks */,
				AF05F7821A13E6AE0079AEA3 /* CoreText.framework in Frameworks */,
				B3D647DC1A12408600461CAF /* CoreGraphics.framework in Frameworks */,
				AF05F7801A13E69E0079AEA3 /* CoreMotion.framework in Frameworks */,
				AF05F77E1A13E6930079AEA3 /* CoreLocation.framework in Frameworks */,
				B3D647DA1A12408600461CAF /* Foundation.framework in Frameworks */,
				AF05F77C1A13E6810079AEA3 /* AssetsLibrary.framework in Frameworks */,
				AF05F77A1A13E6750079AEA3 /* AddressBook.framework in Frameworks */,
				AF05F7771A13DC790079AEA3 /* GoogleOpenSource.framework in Frameworks */,
				AF05F7781A13DC790079AEA3 /* GooglePlus.framework in Frameworks */,
				B32D416B1A39FD6D009B0998 /* FacebookSDK.framework in Frameworks */,
			);
			runOnlyForDeploymentPostprocessing = 0;
		};
		B3D647F41A12408600461CAF /* Frameworks */ = {
			isa = PBXFrameworksBuildPhase;
			buildActionMask = 2147483647;
			files = (
				B3D647F91A12408600461CAF /* XCTest.framework in Frameworks */,
				B3D647FB1A12408600461CAF /* UIKit.framework in Frameworks */,
				B3D647FA1A12408600461CAF /* Foundation.framework in Frameworks */,
			);
			runOnlyForDeploymentPostprocessing = 0;
		};
/* End PBXFrameworksBuildPhase section */

/* Begin PBXGroup section */
		B31285F31A71344100263364 /* Categories */ = {
			isa = PBXGroup;
			children = (
				B3115C441A408AA600B7002D /* User_Facebook+Create.h */,
				B3115C451A408AA600B7002D /* User_Facebook+Create.m */,
				B3115C471A408AC500B7002D /* User_Google+create.h */,
				B3115C481A408AC500B7002D /* User_Google+create.m */,
				B3115C4A1A408ADF00B7002D /* User+create.h */,
				B3115C4B1A408ADF00B7002D /* User+create.m */,
				B33F572D1A43934900394227 /* Medicine+create.h */,
				B33F572E1A43934900394227 /* Medicine+create.m */,
				B31285EF1A71342000263364 /* Reminder+create.h */,
				B31285F01A71342000263364 /* Reminder+create.m */,
				B31285F41A71384200263364 /* Reminder_Schedule+create.h */,
				B31285F51A71384200263364 /* Reminder_Schedule+create.m */,
			);
			name = Categories;
			sourceTree = "<group>";
		};
		B39FA9CD1A1B57980088EFE5 /* View */ = {
			isa = PBXGroup;
			children = (
				B3C107F91A24C4A5003BF659 /* mainStoryboard.storyboard */,
				B3DE0A751A1B6E5700ABBB5F /* SPLoginLines.h */,
				B3DE0A761A1B6E5700ABBB5F /* SPLoginLines.m */,
			);
			name = View;
			sourceTree = "<group>";
		};
		B3BCB4F11A3B7E2A00D5696C /* CoreData Models */ = {
			isa = PBXGroup;
			children = (
				B31285F31A71344100263364 /* Categories */,
				B3D5705A1A69AECD006EB1CE /* Reminder_Schedule.h */,
				B3D5705B1A69AECD006EB1CE /* Reminder_Schedule.m */,
				AF9204791A65621000D8E237 /* User_Facebook.h */,
				AF92047A1A65621000D8E237 /* User_Facebook.m */,
				AF9204761A65621000D8E237 /* Medicine.h */,
				AF9204771A65621000D8E237 /* Medicine.m */,
				AF9204731A65621000D8E237 /* User.h */,
				AF9204741A65621000D8E237 /* User.m */,
				AF9204701A65621000D8E237 /* Reminder.h */,
				AF9204711A65621000D8E237 /* Reminder.m */,
				AF92046D1A65620F00D8E237 /* User_Google.h */,
				AF92046E1A65620F00D8E237 /* User_Google.m */,
				AF92046A1A65620F00D8E237 /* Reminder_Sound.h */,
				AF92046B1A65620F00D8E237 /* Reminder_Sound.m */,
			);
			name = "CoreData Models";
			sourceTree = "<group>";
		};
		B3D647CD1A12408600461CAF = {
			isa = PBXGroup;
			children = (
				B3D647DF1A12408600461CAF /* SmartPill */,
				B3D647FE1A12408600461CAF /* SmartPillTests */,
				B3D647D81A12408600461CAF /* Frameworks */,
				B3D647D71A12408600461CAF /* Products */,
			);
			sourceTree = "<group>";
		};
		B3D647D71A12408600461CAF /* Products */ = {
			isa = PBXGroup;
			children = (
				B3D647D61A12408600461CAF /* SmartPill.app */,
				B3D647F71A12408600461CAF /* SmartPillTests.xctest */,
			);
			name = Products;
			sourceTree = "<group>";
		};
		B3D647D81A12408600461CAF /* Frameworks */ = {
			isa = PBXGroup;
			children = (
				B32D416A1A39FD6D009B0998 /* FacebookSDK.framework */,
				AF05F7871A13E6CD0079AEA3 /* SystemConfiguration.framework */,
				AF05F7851A13E6C70079AEA3 /* Security.framework */,
				AF05F7831A13E6BD0079AEA3 /* MediaPlayer.framework */,
				AF05F7811A13E6AE0079AEA3 /* CoreText.framework */,
				AF05F77F1A13E69E0079AEA3 /* CoreMotion.framework */,
				AF05F77D1A13E6930079AEA3 /* CoreLocation.framework */,
				AF05F77B1A13E6810079AEA3 /* AssetsLibrary.framework */,
				AF05F7791A13E6750079AEA3 /* AddressBook.framework */,
				AF05F7751A13DC790079AEA3 /* GoogleOpenSource.framework */,
				AF05F7761A13DC790079AEA3 /* GooglePlus.framework */,
				B3D647D91A12408600461CAF /* Foundation.framework */,
				B3D647DB1A12408600461CAF /* CoreGraphics.framework */,
				B3D647DD1A12408600461CAF /* UIKit.framework */,
				B3D647F81A12408600461CAF /* XCTest.framework */,
			);
			name = Frameworks;
			sourceTree = "<group>";
		};
		B3D647DF1A12408600461CAF /* SmartPill */ = {
			isa = PBXGroup;
			children = (
				B3EFE0191A1285550082591C /* Controller */,
				B3EFE0171A12854E0082591C /* Model */,
				B39FA9CD1A1B57980088EFE5 /* View */,
				B3D647F11A12408600461CAF /* Images.xcassets */,
				B3D647E01A12408600461CAF /* Supporting Files */,
			);
			path = SmartPill;
			sourceTree = "<group>";
		};
		B3D647E01A12408600461CAF /* Supporting Files */ = {
			isa = PBXGroup;
			children = (
				B34080771A1E8E3D00C63D49 /* MyStyleKit.h */,
				B34080781A1E8E3D00C63D49 /* MyStyleKit.m */,
				B3D647E81A12408600461CAF /* SPAppDelegate.h */,
				B3D647E91A12408600461CAF /* SPAppDelegate.m */,
				B3D647E11A12408600461CAF /* SmartPill-Info.plist */,
				B3D647E21A12408600461CAF /* InfoPlist.strings */,
				B3D647E51A12408600461CAF /* main.m */,
				B3D647E71A12408600461CAF /* SmartPill-Prefix.pch */,
			);
			name = "Supporting Files";
			sourceTree = "<group>";
		};
		B3D647FE1A12408600461CAF /* SmartPillTests */ = {
			isa = PBXGroup;
			children = (
				B3D648041A12408600461CAF /* SmartPillTests.m */,
				B3D647FF1A12408600461CAF /* Supporting Files */,
			);
			path = SmartPillTests;
			sourceTree = "<group>";
		};
		B3D647FF1A12408600461CAF /* Supporting Files */ = {
			isa = PBXGroup;
			children = (
				B3D648001A12408600461CAF /* SmartPillTests-Info.plist */,
				B3D648011A12408600461CAF /* InfoPlist.strings */,
			);
			name = "Supporting Files";
			sourceTree = "<group>";
		};
		B3EFE0171A12854E0082591C /* Model */ = {
			isa = PBXGroup;
			children = (
				B32BCE051A23B66B0003F97A /* SPUser.h */,
				B32BCE061A23B66B0003F97A /* SPUser.m */,
				B3960F171A23D583006888ED /* SPUserHandler.h */,
				B3960F181A23D583006888ED /* SPUserHandler.m */,
				AF937C881A3B5A1E00610583 /* Model.xcdatamodeld */,
				B3BCB4F11A3B7E2A00D5696C /* CoreData Models */,
			);
			name = Model;
			sourceTree = "<group>";
		};
		B3EFE0191A1285550082591C /* Controller */ = {
			isa = PBXGroup;
			children = (
				B31BCB631A18D17600094C45 /* SPViewController.h */,
				B31BCB641A18D17600094C45 /* SPViewController.m */,
				B31BCB661A18D18C00094C45 /* SPScheduleViewController.h */,
				B31BCB671A18D18C00094C45 /* SPScheduleViewController.m */,
				B3C107EE1A24B2F1003BF659 /* SPNewUserViewController.h */,
				B3C107EF1A24B2F1003BF659 /* SPNewUserViewController.m */,
				B3CC13FC1A276365001D6C10 /* SPProfileViewController.h */,
				B3CC13FD1A276365001D6C10 /* SPProfileViewController.m */,
				B36539991A29F24800E4404A /* SPTabBarViewController.h */,
				B365399A1A29F24800E4404A /* SPTabBarViewController.m */,
				B382364B1A2DF59D00FA7538 /* SPMoreViewController.h */,
				B382364C1A2DF59D00FA7538 /* SPMoreViewController.m */,
				B3D4A0DD1A41FCFB001A90F4 /* SPBoxViewController.h */,
				B3D4A0DE1A41FCFB001A90F4 /* SPBoxViewController.m */,
				B33F57271A436B7200394227 /* SPMedicineDetailsViewController.h */,
				B33F57281A436B7200394227 /* SPMedicineDetailsViewController.m */,
				B33F572A1A438C5A00394227 /* SPNewMedicineViewController.h */,
				B33F572B1A438C5A00394227 /* SPNewMedicineViewController.m */,
				B3336AA81A6D8CFD00C51F6D /* SPReminderViewController.h */,
				B3336AA91A6D8CFD00C51F6D /* SPReminderViewController.m */,
			);
			name = Controller;
			sourceTree = "<group>";
		};
/* End PBXGroup section */

/* Begin PBXNativeTarget section */
		B3D647D51A12408600461CAF /* SmartPill */ = {
			isa = PBXNativeTarget;
			buildConfigurationList = B3D648081A12408600461CAF /* Build configuration list for PBXNativeTarget "SmartPill" */;
			buildPhases = (
				B3D647D21A12408600461CAF /* Sources */,
				B3D647D31A12408600461CAF /* Frameworks */,
				B3D647D41A12408600461CAF /* Resources */,
			);
			buildRules = (
			);
			dependencies = (
			);
			name = SmartPill;
			productName = SmartPill;
			productReference = B3D647D61A12408600461CAF /* SmartPill.app */;
			productType = "com.apple.product-type.application";
		};
		B3D647F61A12408600461CAF /* SmartPillTests */ = {
			isa = PBXNativeTarget;
			buildConfigurationList = B3D6480B1A12408600461CAF /* Build configuration list for PBXNativeTarget "SmartPillTests" */;
			buildPhases = (
				B3D647F31A12408600461CAF /* Sources */,
				B3D647F41A12408600461CAF /* Frameworks */,
				B3D647F51A12408600461CAF /* Resources */,
			);
			buildRules = (
			);
			dependencies = (
				B3D647FD1A12408600461CAF /* PBXTargetDependency */,
			);
			name = SmartPillTests;
			productName = SmartPillTests;
			productReference = B3D647F71A12408600461CAF /* SmartPillTests.xctest */;
			productType = "com.apple.product-type.bundle.unit-test";
		};
/* End PBXNativeTarget section */

/* Begin PBXProject section */
		B3D647CE1A12408600461CAF /* Project object */ = {
			isa = PBXProject;
			attributes = {
				CLASSPREFIX = SP;
				LastUpgradeCheck = 0510;
				ORGANIZATIONNAME = "IFRN - Mobile School";
				TargetAttributes = {
					B3D647D51A12408600461CAF = {
						DevelopmentTeam = SAQR654RZN;
					};
					B3D647F61A12408600461CAF = {
						TestTargetID = B3D647D51A12408600461CAF;
					};
				};
			};
			buildConfigurationList = B3D647D11A12408600461CAF /* Build configuration list for PBXProject "SmartPill" */;
			compatibilityVersion = "Xcode 3.2";
			developmentRegion = English;
			hasScannedForEncodings = 0;
			knownRegions = (
				en,
				Base,
			);
			mainGroup = B3D647CD1A12408600461CAF;
			productRefGroup = B3D647D71A12408600461CAF /* Products */;
			projectDirPath = "";
			projectRoot = "";
			targets = (
				B3D647D51A12408600461CAF /* SmartPill */,
				B3D647F61A12408600461CAF /* SmartPillTests */,
			);
		};
/* End PBXProject section */

/* Begin PBXResourcesBuildPhase section */
		B3D647D41A12408600461CAF /* Resources */ = {
			isa = PBXResourcesBuildPhase;
			buildActionMask = 2147483647;
			files = (
				B3D647F21A12408600461CAF /* Images.xcassets in Resources */,
				B3D647E41A12408600461CAF /* InfoPlist.strings in Resources */,
				B3C107F71A24C4A5003BF659 /* mainStoryboard.storyboard in Resources */,
			);
			runOnlyForDeploymentPostprocessing = 0;
		};
		B3D647F51A12408600461CAF /* Resources */ = {
			isa = PBXResourcesBuildPhase;
			buildActionMask = 2147483647;
			files = (
				B3D648031A12408600461CAF /* InfoPlist.strings in Resources */,
			);
			runOnlyForDeploymentPostprocessing = 0;
		};
/* End PBXResourcesBuildPhase section */

/* Begin PBXSourcesBuildPhase section */
		B3D647D21A12408600461CAF /* Sources */ = {
			isa = PBXSourcesBuildPhase;
			buildActionMask = 2147483647;
			files = (
				B3115C491A408AC500B7002D /* User_Google+create.m in Sources */,
				B33F572C1A438C5A00394227 /* SPNewMedicineViewController.m in Sources */,
				B33F572F1A43934900394227 /* Medicine+create.m in Sources */,
				B34080791A1E8E3D00C63D49 /* MyStyleKit.m in Sources */,
				B3DE0A771A1B6E5700ABBB5F /* SPLoginLines.m in Sources */,
				B31285F11A71342000263364 /* Reminder+create.m in Sources */,
				B3960F191A23D583006888ED /* SPUserHandler.m in Sources */,
				B365399B1A29F24800E4404A /* SPTabBarViewController.m in Sources */,
				B3115C461A408AA600B7002D /* User_Facebook+Create.m in Sources */,
				B32BCE071A23B66B0003F97A /* SPUser.m in Sources */,
				AF9204721A65621000D8E237 /* Reminder.m in Sources */,
				AF9204781A65621000D8E237 /* Medicine.m in Sources */,
				AF9204751A65621000D8E237 /* User.m in Sources */,
				AF92046C1A65620F00D8E237 /* Reminder_Sound.m in Sources */,
				B3D4A0DF1A41FCFB001A90F4 /* SPBoxViewController.m in Sources */,
				B3115C4C1A408ADF00B7002D /* User+create.m in Sources */,
				B31BCB681A18D18C00094C45 /* SPScheduleViewController.m in Sources */,
				AF92047B1A65621000D8E237 /* User_Facebook.m in Sources */,
				B382364D1A2DF59D00FA7538 /* SPMoreViewController.m in Sources */,
				B3CC13FE1A276365001D6C10 /* SPProfileViewController.m in Sources */,
				B3C107F01A24B2F1003BF659 /* SPNewUserViewController.m in Sources */,
				B3D647E61A12408600461CAF /* main.m in Sources */,
				B3336AAA1A6D8CFD00C51F6D /* SPReminderViewController.m in Sources */,
				B3D5705C1A69AECD006EB1CE /* Reminder_Schedule.m in Sources */,
				B31BCB651A18D17600094C45 /* SPViewController.m in Sources */,
				AF92046F1A65620F00D8E237 /* User_Google.m in Sources */,
				B31285F61A71384200263364 /* Reminder_Schedule+create.m in Sources */,
				AF937C8A1A3B5A1E00610583 /* Model.xcdatamodeld in Sources */,
				B3D647EA1A12408600461CAF /* SPAppDelegate.m in Sources */,
				B33F57291A436B7200394227 /* SPMedicineDetailsViewController.m in Sources */,
			);
			runOnlyForDeploymentPostprocessing = 0;
		};
		B3D647F31A12408600461CAF /* Sources */ = {
			isa = PBXSourcesBuildPhase;
			buildActionMask = 2147483647;
			files = (
				B3D648051A12408600461CAF /* SmartPillTests.m in Sources */,
			);
			runOnlyForDeploymentPostprocessing = 0;
		};
/* End PBXSourcesBuildPhase section */

/* Begin PBXTargetDependency section */
		B3D647FD1A12408600461CAF /* PBXTargetDependency */ = {
			isa = PBXTargetDependency;
			target = B3D647D51A12408600461CAF /* SmartPill */;
			targetProxy = B3D647FC1A12408600461CAF /* PBXContainerItemProxy */;
		};
/* End PBXTargetDependency section */

/* Begin PBXVariantGroup section */
		B3C107F91A24C4A5003BF659 /* mainStoryboard.storyboard */ = {
			isa = PBXVariantGroup;
			children = (
				B3C107F81A24C4A5003BF659 /* en */,
			);
			name = mainStoryboard.storyboard;
			sourceTree = "<group>";
		};
		B3D647E21A12408600461CAF /* InfoPlist.strings */ = {
			isa = PBXVariantGroup;
			children = (
				B3D647E31A12408600461CAF /* en */,
			);
			name = InfoPlist.strings;
			sourceTree = "<group>";
		};
		B3D648011A12408600461CAF /* InfoPlist.strings */ = {
			isa = PBXVariantGroup;
			children = (
				B3D648021A12408600461CAF /* en */,
			);
			name = InfoPlist.strings;
			sourceTree = "<group>";
		};
/* End PBXVariantGroup section */

/* Begin XCBuildConfiguration section */
		B3D648061A12408600461CAF /* Debug */ = {
			isa = XCBuildConfiguration;
			buildSettings = {
				ALWAYS_SEARCH_USER_PATHS = NO;
				CLANG_CXX_LANGUAGE_STANDARD = "gnu++0x";
				CLANG_CXX_LIBRARY = "libc++";
				CLANG_ENABLE_MODULES = YES;
				CLANG_ENABLE_OBJC_ARC = YES;
				CLANG_WARN_BOOL_CONVERSION = YES;
				CLANG_WARN_CONSTANT_CONVERSION = YES;
				CLANG_WARN_DIRECT_OBJC_ISA_USAGE = YES_ERROR;
				CLANG_WARN_EMPTY_BODY = YES;
				CLANG_WARN_ENUM_CONVERSION = YES;
				CLANG_WARN_INT_CONVERSION = YES;
				CLANG_WARN_OBJC_ROOT_CLASS = YES_ERROR;
				CLANG_WARN__DUPLICATE_METHOD_MATCH = YES;
				"CODE_SIGN_IDENTITY[sdk=iphoneos*]" = "iPhone Developer";
				COPY_PHASE_STRIP = NO;
				GCC_C_LANGUAGE_STANDARD = gnu99;
				GCC_DYNAMIC_NO_PIC = NO;
				GCC_OPTIMIZATION_LEVEL = 0;
				GCC_PREPROCESSOR_DEFINITIONS = (
					"DEBUG=1",
					"$(inherited)",
				);
				GCC_SYMBOLS_PRIVATE_EXTERN = NO;
				GCC_WARN_64_TO_32_BIT_CONVERSION = YES;
				GCC_WARN_ABOUT_RETURN_TYPE = YES_ERROR;
				GCC_WARN_UNDECLARED_SELECTOR = YES;
				GCC_WARN_UNINITIALIZED_AUTOS = YES_AGGRESSIVE;
				GCC_WARN_UNUSED_FUNCTION = YES;
				GCC_WARN_UNUSED_VARIABLE = YES;
				IPHONEOS_DEPLOYMENT_TARGET = 7.1;
				ONLY_ACTIVE_ARCH = YES;
				SDKROOT = iphoneos;
			};
			name = Debug;
		};
		B3D648071A12408600461CAF /* Release */ = {
			isa = XCBuildConfiguration;
			buildSettings = {
				ALWAYS_SEARCH_USER_PATHS = NO;
				CLANG_CXX_LANGUAGE_STANDARD = "gnu++0x";
				CLANG_CXX_LIBRARY = "libc++";
				CLANG_ENABLE_MODULES = YES;
				CLANG_ENABLE_OBJC_ARC = YES;
				CLANG_WARN_BOOL_CONVERSION = YES;
				CLANG_WARN_CONSTANT_CONVERSION = YES;
				CLANG_WARN_DIRECT_OBJC_ISA_USAGE = YES_ERROR;
				CLANG_WARN_EMPTY_BODY = YES;
				CLANG_WARN_ENUM_CONVERSION = YES;
				CLANG_WARN_INT_CONVERSION = YES;
				CLANG_WARN_OBJC_ROOT_CLASS = YES_ERROR;
				CLANG_WARN__DUPLICATE_METHOD_MATCH = YES;
				"CODE_SIGN_IDENTITY[sdk=iphoneos*]" = "iPhone Developer";
				COPY_PHASE_STRIP = YES;
				ENABLE_NS_ASSERTIONS = NO;
				GCC_C_LANGUAGE_STANDARD = gnu99;
				GCC_WARN_64_TO_32_BIT_CONVERSION = YES;
				GCC_WARN_ABOUT_RETURN_TYPE = YES_ERROR;
				GCC_WARN_UNDECLARED_SELECTOR = YES;
				GCC_WARN_UNINITIALIZED_AUTOS = YES_AGGRESSIVE;
				GCC_WARN_UNUSED_FUNCTION = YES;
				GCC_WARN_UNUSED_VARIABLE = YES;
				IPHONEOS_DEPLOYMENT_TARGET = 7.1;
				SDKROOT = iphoneos;
				VALIDATE_PRODUCT = YES;
			};
			name = Release;
		};
		B3D648091A12408600461CAF /* Debug */ = {
			isa = XCBuildConfiguration;
			buildSettings = {
				ASSETCATALOG_COMPILER_APPICON_NAME = AppIcon;
				ASSETCATALOG_COMPILER_LAUNCHIMAGE_NAME = LaunchImage;
				FRAMEWORK_SEARCH_PATHS = (
					"$(inherited)",
					"$(PROJECT_DIR)",
					/Users/nunesdennis/Documents/FacebookSDK,
				);
				GCC_PRECOMPILE_PREFIX_HEADER = YES;
				GCC_PREFIX_HEADER = "SmartPill/SmartPill-Prefix.pch";
				INFOPLIST_FILE = "SmartPill/SmartPill-Info.plist";
				OTHER_LDFLAGS = "-ObjC";
				PRODUCT_NAME = "$(TARGET_NAME)";
				WRAPPER_EXTENSION = app;
			};
			name = Debug;
		};
		B3D6480A1A12408600461CAF /* Release */ = {
			isa = XCBuildConfiguration;
			buildSettings = {
				ASSETCATALOG_COMPILER_APPICON_NAME = AppIcon;
				ASSETCATALOG_COMPILER_LAUNCHIMAGE_NAME = LaunchImage;
				FRAMEWORK_SEARCH_PATHS = (
					"$(inherited)",
					"$(PROJECT_DIR)",
					/Users/nunesdennis/Documents/FacebookSDK,
				);
				GCC_PRECOMPILE_PREFIX_HEADER = YES;
				GCC_PREFIX_HEADER = "SmartPill/SmartPill-Prefix.pch";
				INFOPLIST_FILE = "SmartPill/SmartPill-Info.plist";
				OTHER_LDFLAGS = "-ObjC";
				PRODUCT_NAME = "$(TARGET_NAME)";
				WRAPPER_EXTENSION = app;
			};
			name = Release;
		};
		B3D6480C1A12408600461CAF /* Debug */ = {
			isa = XCBuildConfiguration;
			buildSettings = {
				BUNDLE_LOADER = "$(BUILT_PRODUCTS_DIR)/SmartPill.app/SmartPill";
				FRAMEWORK_SEARCH_PATHS = (
					"$(SDKROOT)/Developer/Library/Frameworks",
					"$(inherited)",
					"$(DEVELOPER_FRAMEWORKS_DIR)",
				);
				GCC_PRECOMPILE_PREFIX_HEADER = YES;
				GCC_PREFIX_HEADER = "SmartPill/SmartPill-Prefix.pch";
				GCC_PREPROCESSOR_DEFINITIONS = (
					"DEBUG=1",
					"$(inherited)",
				);
				INFOPLIST_FILE = "SmartPillTests/SmartPillTests-Info.plist";
				PRODUCT_NAME = "$(TARGET_NAME)";
				TEST_HOST = "$(BUNDLE_LOADER)";
				WRAPPER_EXTENSION = xctest;
			};
			name = Debug;
		};
		B3D6480D1A12408600461CAF /* Release */ = {
			isa = XCBuildConfiguration;
			buildSettings = {
				BUNDLE_LOADER = "$(BUILT_PRODUCTS_DIR)/SmartPill.app/SmartPill";
				FRAMEWORK_SEARCH_PATHS = (
					"$(SDKROOT)/Developer/Library/Frameworks",
					"$(inherited)",
					"$(DEVELOPER_FRAMEWORKS_DIR)",
				);
				GCC_PRECOMPILE_PREFIX_HEADER = YES;
				GCC_PREFIX_HEADER = "SmartPill/SmartPill-Prefix.pch";
				INFOPLIST_FILE = "SmartPillTests/SmartPillTests-Info.plist";
				PRODUCT_NAME = "$(TARGET_NAME)";
				TEST_HOST = "$(BUNDLE_LOADER)";
				WRAPPER_EXTENSION = xctest;
			};
			name = Release;
		};
/* End XCBuildConfiguration section */

/* Begin XCConfigurationList section */
		B3D647D11A12408600461CAF /* Build configuration list for PBXProject "SmartPill" */ = {
			isa = XCConfigurationList;
			buildConfigurations = (
				B3D648061A12408600461CAF /* Debug */,
				B3D648071A12408600461CAF /* Release */,
			);
			defaultConfigurationIsVisible = 0;
			defaultConfigurationName = Release;
		};
		B3D648081A12408600461CAF /* Build configuration list for PBXNativeTarget "SmartPill" */ = {
			isa = XCConfigurationList;
			buildConfigurations = (
				B3D648091A12408600461CAF /* Debug */,
				B3D6480A1A12408600461CAF /* Release */,
			);
			defaultConfigurationIsVisible = 0;
			defaultConfigurationName = Release;
		};
		B3D6480B1A12408600461CAF /* Build configuration list for PBXNativeTarget "SmartPillTests" */ = {
			isa = XCConfigurationList;
			buildConfigurations = (
				B3D6480C1A12408600461CAF /* Debug */,
				B3D6480D1A12408600461CAF /* Release */,
			);
			defaultConfigurationIsVisible = 0;
			defaultConfigurationName = Release;
		};
/* End XCConfigurationList section */

/* Begin XCVersionGroup section */
		AF937C881A3B5A1E00610583 /* Model.xcdatamodeld */ = {
			isa = XCVersionGroup;
			children = (
				AF937C891A3B5A1E00610583 /* Model.xcdatamodel */,
			);
			currentVersion = AF937C891A3B5A1E00610583 /* Model.xcdatamodel */;
			name = Model.xcdatamodeld;
			path = Model/Model.xcdatamodeld;
			sourceTree = "<group>";
			versionGroupType = wrapper.xcdatamodel;
		};
/* End XCVersionGroup section */
	};
	rootObject = B3D647CE1A12408600461CAF /* Project object */;
}
